
Microsoft Visual Studio Solution File, Format Version 12.00
# Visual Studio Version 16
VisualStudioVersion = 16.0.30717.126
MinimumVisualStudioVersion = 10.0.40219.1
Project("{9A19103F-16F7-4668-BE54-9A1E7A4F7556}") = "CrawlDown", "CrawlDown\CrawlDown.csproj", "{ED77B866-65DD-4492-B581-5A321FA59EB0}"
EndProject
Project("{9A19103F-16F7-4668-BE54-9A1E7A4F7556}") = "CrawlDown.Test", "CrawlDown.Test\CrawlDown.Test.csproj", "{BCA7C131-107D-460B-B4FF-91CA01775598}"
EndProject
Project("{2150E333-8FDC-42A3-9474-1A3956D46DE8}") = "Solution Items", "Solution Items", "{EDFAA079-AF06-4B70-9EDC-A191AFA20C9C}"
	ProjectSection(SolutionItems) = preProject
		.editorconfig = .editorconfig
	EndProjectSection
EndProject
Global
	GlobalSection(SolutionConfigurationPlatforms) = preSolution
		Debug|Any CPU = Debug|Any CPU
		Release|Any CPU = Release|Any CPU
	EndGlobalSection
	GlobalSection(ProjectConfigurationPlatforms) = postSolution
		{ED77B866-65DD-4492-B581-5A321FA59EB0}.Debug|Any CPU.ActiveCfg = Debug|Any CPU
		{ED77B866-65DD-4492-B581-5A321FA59EB0}.Debug|Any CPU.Build.0 = Debug|Any CPU
		{ED77B866-65DD-4492-B581-5A321FA59EB0}.Release|Any CPU.ActiveCfg = Release|Any CPU
		{ED77B866-65DD-4492-B581-5A321FA59EB0}.Release|Any CPU.Build.0 = Release|Any CPU
		{BCA7C131-107D-460B-B4FF-91CA01775598}.Debug|Any CPU.ActiveCfg = Debug|Any CPU
		{BCA7C131-107D-460B-B4FF-91CA01775598}.Debug|Any CPU.Build.0 = Debug|Any CPU
		{BCA7C131-107D-460B-B4FF-91CA01775598}.Release|Any CPU.ActiveCfg = Release|Any CPU
		{BCA7C131-107D-460B-B4FF-91CA01775598}.Release|Any CPU.Build.0 = Release|Any CPU
	EndGlobalSection
	GlobalSection(SolutionProperties) = preSolution
		HideSolutionNode = FALSE
	EndGlobalSection
	GlobalSection(ExtensibilityGlobals) = postSolution
		SolutionGuid = {5A616AD5-A000-4AD3-B9E4-25EF678B8D41}
	EndGlobalSection
EndGlobal
